{
  "name": "example",
  "version": "1.0.0",
  "lockfileVersion": 1,
  "requires": true,
  "dependencies": {
    "@babel/parser": {
      "version": "7.14.9",
      "resolved": "https://registry.npmjs.org/@babel/parser/-/parser-7.14.9.tgz",
      "integrity": "sha512-RdUTOseXJ8POjjOeEBEvNMIZU/nm4yu2rufRkcibzkkg7DmQvXU8v3M4Xk9G7uuI86CDGkKcuDWgioqZm+mScQ=="
    }
  }
}
